
Microsoft Visual Studio Solution File, Format Version 12.00
# Visual Studio Version 16
VisualStudioVersion = 16.0.33529.622
MinimumVisualStudioVersion = 10.0.40219.1
Project("{FAE04EC0-301F-11D3-BF4B-00C04F79EFBC}") = "ABC_Healthcare_webapi", "ABC_Healthcare_webapi\ABC_Healthcare_webapi.csproj", "{3AFE1E28-F97E-4D9F-8E3E-64EB10C6AF5A}"
EndProject
Global
	GlobalSection(SolutionConfigurationPlatforms) = preSolution
		Debug|Any CPU = Debug|Any CPU
		Release|Any CPU = Release|Any CPU
	EndGlobalSection
	GlobalSection(ProjectConfigurationPlatforms) = postSolution
		{3AFE1E28-F97E-4D9F-8E3E-64EB10C6AF5A}.Debug|Any CPU.ActiveCfg = Debug|Any CPU
		{3AFE1E28-F97E-4D9F-8E3E-64EB10C6AF5A}.Debug|Any CPU.Build.0 = Debug|Any CPU
		{3AFE1E28-F97E-4D9F-8E3E-64EB10C6AF5A}.Release|Any CPU.ActiveCfg = Release|Any CPU
		{3AFE1E28-F97E-4D9F-8E3E-64EB10C6AF5A}.Release|Any CPU.Build.0 = Release|Any CPU
	EndGlobalSection
	GlobalSection(SolutionProperties) = preSolution
		HideSolutionNode = FALSE
	EndGlobalSection
	GlobalSection(ExtensibilityGlobals) = postSolution
		SolutionGuid = {735F9953-9B0A-4114-8307-37A9AA25501E}
	EndGlobalSection
EndGlobal
